dependencies:
- name: postgresql
  repository: https://charts.bitnami.com/bitnami
  version: 12.1.3
- name: redis
  repository: https://charts.bitnami.com/bitnami
  version: 17.7.4
digest: sha256:4e90127c33049856122aa6c4c4132a6faff198189ab663383952026b1dcddf01
generated: "2023-02-23T12:31:56.186885787Z"
